
Microsoft Visual Studio Solution File, Format Version 12.00
# Visual Studio Version 17
VisualStudioVersion = 17.2.32602.215
MinimumVisualStudioVersion = 10.0.40219.1
Project("{9A19103F-16F7-4668-BE54-9A1E7A4F7556}") = "WebApplication1", "WebApplication1\WebApplication1.csproj", "{CD27AB7B-B71C-4ADD-8162-515168521CD9}"
EndProject
Global
	GlobalSection(SolutionConfigurationPlatforms) = preSolution
		Debug|Any CPU = Debug|Any CPU
		Release|Any CPU = Release|Any CPU
	EndGlobalSection
	GlobalSection(ProjectConfigurationPlatforms) = postSolution
		{CD27AB7B-B71C-4ADD-8162-515168521CD9}.Debug|Any CPU.ActiveCfg = Debug|Any CPU
		{CD27AB7B-B71C-4ADD-8162-515168521CD9}.Debug|Any CPU.Build.0 = Debug|Any CPU
		{CD27AB7B-B71C-4ADD-8162-515168521CD9}.Release|Any CPU.ActiveCfg = Release|Any CPU
		{CD27AB7B-B71C-4ADD-8162-515168521CD9}.Release|Any CPU.Build.0 = Release|Any CPU
	EndGlobalSection
	GlobalSection(SolutionProperties) = preSolution
		HideSolutionNode = FALSE
	EndGlobalSection
	GlobalSection(ExtensibilityGlobals) = postSolution
		SolutionGuid = {D5FCEF10-A741-4279-873E-4A83D71CF303}
	EndGlobalSection
EndGlobal
